[[package]]
name = "appnope"
version = "0.1.3"
description = "Disable App Nap on macOS >= 10.9"
category = "dev"
optional = false
python-versions = "*"

[[package]]
name = "astropy"
version = "5.1"
description = "Astronomy and astrophysics core library"
category = "main"
optional = false
python-versions = ">=3.8"

[package.dependencies]
numpy = ">=1.18"
packaging = ">=19.0"
pyerfa = ">=2.0"
PyYAML = ">=3.13"

[package.extras]
all = ["scipy (>=1.3)", "matplotlib (>=3.1,!=3.4.0,!=3.5.2)", "certifi", "dask", "h5py", "pyarrow (>=5.0.0)", "beautifulsoup4", "html5lib", "bleach", "pandas", "sortedcontainers", "pytz", "jplephem", "mpmath", "asdf (>=2.10.0)", "bottleneck", "ipython (>=4.2)", "pytest (>=7.0)", "typing-extensions (>=3.10.0.1)"]
docs = ["sphinx (<4)", "sphinx-astropy (>=1.6)", "pytest (>=7.0)", "scipy (>=1.3)", "matplotlib (>=3.1,!=3.4.0,!=3.5.2)", "sphinx-changelog (>=1.1.0)", "Jinja2 (<3.1)"]
recommended = ["scipy (>=1.3)", "matplotlib (>=3.1,!=3.4.0,!=3.5.2)"]
test = ["pytest (>=7.0)", "pytest-doctestplus (>=0.12)", "pytest-astropy-header (>=0.2.1)", "pytest-astropy (>=0.10)", "pytest-xdist"]
test_all = ["pytest (>=7.0)", "pytest-doctestplus (>=0.12)", "pytest-astropy-header (>=0.2.1)", "pytest-astropy (>=0.9)", "pytest-xdist", "objgraph", "ipython (>=4.2)", "coverage", "skyfield (>=1.20)", "sgp4 (>=2.3)"]

[[package]]
name = "backcall"
version = "0.2.0"
description = "Specifications for callback functions passed in to an API"
category = "dev"
optional = false
python-versions = "*"

[[package]]
name = "black"
version = "22.6.0"
description = "The uncompromising code formatter."
category = "dev"
optional = false
python-versions = ">=3.6.2"

[package.dependencies]
click = ">=8.0.0"
mypy-extensions = ">=0.4.3"
pathspec = ">=0.9.0"
platformdirs = ">=2"
tomli = {version = ">=1.1.0", markers = "python_full_version < \"3.11.0a7\""}
typing-extensions = {version = ">=3.10.0.0", markers = "python_version < \"3.10\""}

[package.extras]
colorama = ["colorama (>=0.4.3)"]
d = ["aiohttp (>=3.7.4)"]
jupyter = ["ipython (>=7.8.0)", "tokenize-rt (>=3.2.0)"]
uvloop = ["uvloop (>=0.15.2)"]

[[package]]
name = "casa-formats-io"
version = "0.1"
description = "Dask-based reader for CASA data"
category = "main"
optional = false
python-versions = ">=3.6"

[package.dependencies]
astropy = ">=4.0"
dask = {version = ">=1.0", extras = ["array"]}
numpy = ">=1.17"

[package.extras]
docs = ["numpydoc", "sphinx-automodapi"]
test = ["pytest", "pytest-cov", "pytest-openfiles"]

[[package]]
name = "cdshealpix"
version = "0.6.1"
description = "Python cdshealpix package wrapping code of the cdshealpix crate."
category = "main"
optional = false
python-versions = "*"

[package.dependencies]
astropy = "*"

[[package]]
name = "click"
version = "8.1.3"
description = "Composable command line interface toolkit"
category = "main"
optional = false
python-versions = ">=3.7"

[package.dependencies]
colorama = {version = "*", markers = "platform_system == \"Windows\""}

[[package]]
name = "cloudpickle"
version = "2.1.0"
description = "Extended pickling support for Python objects"
category = "main"
optional = false
python-versions = ">=3.6"

[[package]]
name = "colorama"
version = "0.4.5"
description = "Cross-platform colored terminal text."
category = "main"
optional = false
python-versions = ">=2.7, !=3.0.*, !=3.1.*, !=3.2.*, !=3.3.*, !=3.4.*"

[[package]]
name = "cycler"
version = "0.11.0"
description = "Composable style cycles"
category = "main"
optional = false
python-versions = ">=3.6"

[[package]]
name = "dask"
version = "2022.7.0"
description = "Parallel PyData with Task Scheduling"
category = "main"
optional = false
python-versions = ">=3.8"

[package.dependencies]
cloudpickle = ">=1.1.1"
fsspec = ">=0.6.0"
numpy = {version = ">=1.18", optional = true, markers = "extra == \"array\""}
packaging = ">=20.0"
partd = ">=0.3.10"
pyyaml = ">=5.3.1"
toolz = ">=0.8.2"

[package.extras]
array = ["numpy (>=1.18)"]
complete = ["bokeh (>=2.4.2)", "distributed (==2022.7.0)", "jinja2", "numpy (>=1.18)", "pandas (>=1.0)"]
dataframe = ["numpy (>=1.18)", "pandas (>=1.0)"]
diagnostics = ["bokeh (>=2.4.2)", "jinja2"]
distributed = ["distributed (==2022.7.0)"]
test = ["pytest", "pytest-rerunfailures", "pytest-xdist", "pre-commit"]

[[package]]
name = "debugpy"
version = "1.6.2"
description = "An implementation of the Debug Adapter Protocol for Python"
category = "dev"
optional = false
python-versions = ">=3.7"

[[package]]
name = "decorator"
version = "5.1.1"
description = "Decorators for Humans"
category = "dev"
optional = false
python-versions = ">=3.5"

[[package]]
name = "flake8"
version = "3.9.2"
description = "the modular source code checker: pep8 pyflakes and co"
category = "dev"
optional = false
python-versions = "!=3.0.*,!=3.1.*,!=3.2.*,!=3.3.*,!=3.4.*,>=2.7"

[package.dependencies]
mccabe = ">=0.6.0,<0.7.0"
pycodestyle = ">=2.7.0,<2.8.0"
pyflakes = ">=2.3.0,<2.4.0"

[[package]]
name = "fonttools"
version = "4.34.4"
description = "Tools to manipulate font files"
category = "main"
optional = false
python-versions = ">=3.7"

[package.extras]
all = ["fs (>=2.2.0,<3)", "lxml (>=4.0,<5)", "zopfli (>=0.1.4)", "lz4 (>=1.7.4.2)", "matplotlib", "sympy", "skia-pathops (>=0.5.0)", "uharfbuzz (>=0.23.0)", "brotlicffi (>=0.8.0)", "scipy", "brotli (>=1.0.1)", "munkres", "unicodedata2 (>=14.0.0)", "xattr"]
graphite = ["lz4 (>=1.7.4.2)"]
interpolatable = ["scipy", "munkres"]
lxml = ["lxml (>=4.0,<5)"]
pathops = ["skia-pathops (>=0.5.0)"]
plot = ["matplotlib"]
repacker = ["uharfbuzz (>=0.23.0)"]
symfont = ["sympy"]
type1 = ["xattr"]
ufo = ["fs (>=2.2.0,<3)"]
unicode = ["unicodedata2 (>=14.0.0)"]
woff = ["zopfli (>=0.1.4)", "brotlicffi (>=0.8.0)", "brotli (>=1.0.1)"]

[[package]]
name = "fsspec"
version = "2022.5.0"
description = "File-system specification"
category = "main"
optional = false
python-versions = ">=3.7"

[package.extras]
abfs = ["adlfs"]
adl = ["adlfs"]
arrow = ["pyarrow (>=1)"]
dask = ["dask", "distributed"]
dropbox = ["dropboxdrivefs", "requests", "dropbox"]
entrypoints = ["importlib-metadata"]
fuse = ["fusepy"]
gcs = ["gcsfs"]
git = ["pygit2"]
github = ["requests"]
gs = ["gcsfs"]
gui = ["panel"]
hdfs = ["pyarrow (>=1)"]
http = ["requests", "aiohttp"]
libarchive = ["libarchive-c"]
oci = ["ocifs"]
s3 = ["s3fs"]
sftp = ["paramiko"]
smb = ["smbprotocol"]
ssh = ["paramiko"]
tqdm = ["tqdm"]

[[package]]
name = "ipython"
version = "7.34.0"
description = "IPython: Productive Interactive Computing"
category = "dev"
optional = false
python-versions = ">=3.7"

[package.dependencies]
appnope = {version = "*", markers = "sys_platform == \"darwin\""}
backcall = "*"
colorama = {version = "*", markers = "sys_platform == \"win32\""}
decorator = "*"
jedi = ">=0.16"
matplotlib-inline = "*"
pexpect = {version = ">4.3", markers = "sys_platform != \"win32\""}
pickleshare = "*"
prompt-toolkit = ">=2.0.0,<3.0.0 || >3.0.0,<3.0.1 || >3.0.1,<3.1.0"
pygments = "*"
traitlets = ">=4.2"

[package.extras]
all = ["Sphinx (>=1.3)", "ipykernel", "ipyparallel", "ipywidgets", "nbconvert", "nbformat", "nose (>=0.10.1)", "notebook", "numpy (>=1.17)", "pygments", "qtconsole", "requests", "testpath"]
doc = ["Sphinx (>=1.3)"]
kernel = ["ipykernel"]
nbconvert = ["nbconvert"]
nbformat = ["nbformat"]
notebook = ["notebook", "ipywidgets"]
parallel = ["ipyparallel"]
qtconsole = ["qtconsole"]
test = ["nose (>=0.10.1)", "requests", "testpath", "pygments", "nbformat", "ipykernel", "numpy (>=1.17)"]

[[package]]
name = "jedi"
version = "0.18.1"
description = "An autocompletion tool for Python that can be used for text editors."
category = "dev"
optional = false
python-versions = ">=3.6"

[package.dependencies]
parso = ">=0.8.0,<0.9.0"

[package.extras]
qa = ["flake8 (==3.8.3)", "mypy (==0.782)"]
testing = ["Django (<3.1)", "colorama", "docopt", "pytest (<7.0.0)"]

[[package]]
name = "joblib"
version = "1.1.0"
description = "Lightweight pipelining with Python functions"
category = "main"
optional = false
python-versions = ">=3.6"

[[package]]
name = "kiwisolver"
version = "1.4.4"
description = "A fast implementation of the Cassowary constraint solver"
category = "main"
optional = false
python-versions = ">=3.7"

[[package]]
name = "lark-parser"
version = "0.12.0"
description = "a modern parsing library"
category = "main"
optional = false
python-versions = "*"

[package.extras]
atomic_cache = ["atomicwrites"]
nearley = ["js2py"]
regex = ["regex"]

[[package]]
name = "locket"
version = "1.0.0"
description = "File-based locks for Python on Linux and Windows"
category = "main"
optional = false
python-versions = ">=2.7, !=3.0.*, !=3.1.*, !=3.2.*, !=3.3.*"

[[package]]
name = "loguru"
version = "0.5.3"
description = "Python logging made (stupidly) simple"
category = "main"
optional = false
python-versions = ">=3.5"

[package.dependencies]
colorama = {version = ">=0.3.4", markers = "sys_platform == \"win32\""}
win32-setctime = {version = ">=1.0.0", markers = "sys_platform == \"win32\""}

[package.extras]
dev = ["codecov (>=2.0.15)", "colorama (>=0.3.4)", "flake8 (>=3.7.7)", "tox (>=3.9.0)", "tox-travis (>=0.12)", "pytest (>=4.6.2)", "pytest-cov (>=2.7.1)", "Sphinx (>=2.2.1)", "sphinx-autobuild (>=0.7.1)", "sphinx-rtd-theme (>=0.4.3)", "black (>=19.10b0)", "isort (>=5.1.1)"]

[[package]]
name = "matplotlib"
version = "3.5.2"
description = "Python plotting package"
category = "main"
optional = false
python-versions = ">=3.7"

[package.dependencies]
cycler = ">=0.10"
fonttools = ">=4.22.0"
kiwisolver = ">=1.0.1"
numpy = ">=1.17"
packaging = ">=20.0"
pillow = ">=6.2.0"
pyparsing = ">=2.2.1"
python-dateutil = ">=2.7"
setuptools_scm = ">=4"

[[package]]
name = "matplotlib-inline"
version = "0.1.3"
description = "Inline Matplotlib backend for Jupyter"
category = "dev"
optional = false
python-versions = ">=3.5"

[package.dependencies]
traitlets = "*"

[[package]]
name = "mccabe"
version = "0.6.1"
description = "McCabe checker, plugin for flake8"
category = "dev"
optional = false
python-versions = "*"

[[package]]
name = "mocpy"
version = "0.8.5"
description = "MOC parsing and manipulation in Python"
category = "main"
optional = false
python-versions = "*"

[package.dependencies]
astropy = "*"
cdshealpix = "*"
lark-parser = "*"
matplotlib = "*"
networkx = "*"

[[package]]
name = "mpi4py"
version = "3.1.3"
description = "Python bindings for MPI"
category = "main"
optional = true
python-versions = ">=2.7, !=3.0.*, !=3.1.*, !=3.2.*, !=3.3.*, !=3.4.*"

[[package]]
name = "mypy"
version = "0.910"
description = "Optional static typing for Python"
category = "dev"
optional = false
python-versions = ">=3.5"

[package.dependencies]
mypy-extensions = ">=0.4.3,<0.5.0"
toml = "*"
typing-extensions = ">=3.7.4"

[package.extras]
dmypy = ["psutil (>=4.0)"]
python2 = ["typed-ast (>=1.4.0,<1.5.0)"]

[[package]]
name = "mypy-extensions"
version = "0.4.3"
description = "Experimental type system extensions for programs checked with the mypy typechecker."
category = "dev"
optional = false
python-versions = "*"

[[package]]
name = "networkx"
version = "2.8.4"
description = "Python package for creating and manipulating graphs and networks"
category = "main"
optional = false
python-versions = ">=3.8"

[package.extras]
default = ["numpy (>=1.19)", "scipy (>=1.8)", "matplotlib (>=3.4)", "pandas (>=1.3)"]
developer = ["pre-commit (>=2.19)", "mypy (>=0.960)"]
doc = ["sphinx (>=5)", "pydata-sphinx-theme (>=0.9)", "sphinx-gallery (>=0.10)", "numpydoc (>=1.4)", "pillow (>=9.1)", "nb2plots (>=0.6)", "texext (>=0.6.6)"]
extra = ["lxml (>=4.6)", "pygraphviz (>=1.9)", "pydot (>=1.4.2)", "sympy (>=1.10)"]
test = ["pytest (>=7.1)", "pytest-cov (>=3.0)", "codecov (>=2.1)"]

[[package]]
name = "numpy"
version = "1.23.1"
description = "NumPy is the fundamental package for array computing with Python."
category = "main"
optional = false
python-versions = ">=3.8"

[[package]]
name = "packaging"
version = "21.3"
description = "Core utilities for Python packages"
category = "main"
optional = false
python-versions = ">=3.6"

[package.dependencies]
pyparsing = ">=2.0.2,<3.0.5 || >3.0.5"

[[package]]
name = "pandas"
version = "1.4.3"
description = "Powerful data structures for data analysis, time series, and statistics"
category = "main"
optional = false
python-versions = ">=3.8"

[package.dependencies]
numpy = [
    {version = ">=1.18.5", markers = "platform_machine != \"aarch64\" and platform_machine != \"arm64\" and python_version < \"3.10\""},
    {version = ">=1.19.2", markers = "platform_machine == \"aarch64\" and python_version < \"3.10\""},
    {version = ">=1.20.0", markers = "platform_machine == \"arm64\" and python_version < \"3.10\""},
]
python-dateutil = ">=2.8.1"
pytz = ">=2020.1"

[package.extras]
test = ["hypothesis (>=5.5.3)", "pytest (>=6.0)", "pytest-xdist (>=1.31)"]

[[package]]
name = "parso"
version = "0.8.3"
description = "A Python Parser"
category = "dev"
optional = false
python-versions = ">=3.6"

[package.extras]
qa = ["flake8 (==3.8.3)", "mypy (==0.782)"]
testing = ["docopt", "pytest (<6.0.0)"]

[[package]]
name = "partd"
version = "1.2.0"
description = "Appendable key-value storage"
category = "main"
optional = false
python-versions = ">=3.5"

[package.dependencies]
locket = "*"
toolz = "*"

[package.extras]
complete = ["numpy (>=1.9.0)", "pandas (>=0.19.0)", "pyzmq", "blosc"]

[[package]]
name = "pathspec"
version = "0.9.0"
description = "Utility library for gitignore style pattern matching of file paths."
category = "dev"
optional = false
python-versions = "!=3.0.*,!=3.1.*,!=3.2.*,!=3.3.*,!=3.4.*,>=2.7"

[[package]]
name = "pexpect"
version = "4.8.0"
description = "Pexpect allows easy control of interactive console applications."
category = "dev"
optional = false
python-versions = "*"

[package.dependencies]
ptyprocess = ">=0.5"

[[package]]
name = "pickleshare"
version = "0.7.5"
description = "Tiny 'shelve'-like database with concurrency support"
category = "dev"
optional = false
python-versions = "*"

[[package]]
name = "pillow"
version = "9.2.0"
description = "Python Imaging Library (Fork)"
category = "main"
optional = false
python-versions = ">=3.7"

[package.extras]
docs = ["furo", "olefile", "sphinx (>=2.4)", "sphinx-copybutton", "sphinx-issues (>=3.0.1)", "sphinx-removed-in", "sphinxext-opengraph"]
tests = ["check-manifest", "coverage", "defusedxml", "markdown2", "olefile", "packaging", "pyroma", "pytest", "pytest-cov", "pytest-timeout"]

[[package]]
name = "platformdirs"
version = "2.5.2"
description = "A small Python module for determining appropriate platform-specific dirs, e.g. a \"user data dir\"."
category = "dev"
optional = false
python-versions = ">=3.7"

[package.extras]
docs = ["furo (>=2021.7.5b38)", "proselint (>=0.10.2)", "sphinx-autodoc-typehints (>=1.12)", "sphinx (>=4)"]
test = ["appdirs (==1.4.4)", "pytest-cov (>=2.7)", "pytest-mock (>=3.6)", "pytest (>=6)"]

[[package]]
name = "prompt-toolkit"
version = "3.0.30"
description = "Library for building powerful interactive command lines in Python"
category = "dev"
optional = false
python-versions = ">=3.6.2"

[package.dependencies]
wcwidth = "*"

[[package]]
name = "psutil"
version = "5.9.1"
description = "Cross-platform lib for process and system monitoring in Python."
category = "main"
optional = false
python-versions = ">=2.7, !=3.0.*, !=3.1.*, !=3.2.*, !=3.3.*"

[package.extras]
test = ["ipaddress", "mock", "enum34", "pywin32", "wmi"]

[[package]]
name = "ptyprocess"
version = "0.7.0"
description = "Run a subprocess in a pseudo terminal"
category = "dev"
optional = false
python-versions = "*"

[[package]]
name = "pycodestyle"
version = "2.7.0"
description = "Python style guide checker"
category = "dev"
optional = false
python-versions = ">=2.7, !=3.0.*, !=3.1.*, !=3.2.*, !=3.3.*"

[[package]]
name = "pyerfa"
version = "2.0.0.1"
description = "Python bindings for ERFA"
category = "main"
optional = false
python-versions = ">=3.7"

[package.dependencies]
numpy = ">=1.17"

[package.extras]
docs = ["sphinx-astropy (>=1.3)"]
test = ["pytest", "pytest-doctestplus (>=0.7)"]

[[package]]
name = "pyflakes"
version = "2.3.1"
description = "passive checker of Python programs"
category = "dev"
optional = false
python-versions = ">=2.7, !=3.0.*, !=3.1.*, !=3.2.*, !=3.3.*"

[[package]]
name = "pygments"
version = "2.12.0"
description = "Pygments is a syntax highlighting package written in Python."
category = "dev"
optional = false
python-versions = ">=3.6"

[[package]]
name = "pyparsing"
version = "3.0.9"
description = "pyparsing module - Classes and methods to define and execute parsing grammars"
category = "main"
optional = false
python-versions = ">=3.6.8"

[package.extras]
diagrams = ["railroad-diagrams", "jinja2"]

[[package]]
name = "python-dateutil"
version = "2.8.2"
description = "Extensions to the standard Python datetime module"
category = "main"
optional = false
python-versions = "!=3.0.*,!=3.1.*,!=3.2.*,>=2.7"

[package.dependencies]
six = ">=1.5"

[[package]]
name = "pytz"
version = "2022.1"
description = "World timezone definitions, modern and historical"
category = "main"
optional = false
python-versions = "*"

[[package]]
name = "pyyaml"
version = "6.0"
description = "YAML parser and emitter for Python"
category = "main"
optional = false
python-versions = ">=3.6"

[[package]]
name = "racs-tools"
version = "2.0.1"
description = ""
category = "main"
optional = false
python-versions = ">=3.9,<3.11"
develop = false

[package.dependencies]
astropy = "^5.0.1"
numpy = "^1.21.2"
psutil = "^5.8.0"
radio-beam = "^0.3.3"
schwimmbad = "^0.3.2"
scipy = "^1.7.1"
spectral-cube = "^0.6.0"
tqdm = "^4.62.3"

[package.extras]
mpi = ["mpi4py (>=3.1.1,<4.0.0)"]

[package.source]
type = "git"
url = "https://github.com/marxide/RACS-tools.git"
reference = "v2.0.1"
resolved_reference = "82edce8dbd198924d42f70ed489dfa77c7fd1e61"

[[package]]
name = "radio-beam"
version = "0.3.3"
description = "Operations for radio astronomy beams with astropy"
category = "main"
optional = false
python-versions = "*"

[package.dependencies]
astropy = "*"
numpy = ">=1.8.0"
scipy = "*"
six = "*"

[package.extras]
all = ["scipy", "matplotlib"]
docs = ["sphinx-astropy", "matplotlib"]
test = ["pytest-astropy", "pytest-cov"]

[[package]]
name = "rope"
version = "0.20.1"
description = "a python refactoring library..."
category = "dev"
optional = false
python-versions = "*"

[package.extras]
dev = ["pytest", "pytest-timeout"]

[[package]]
name = "schwimmbad"
version = "0.3.2"
description = "A common interface for parallel processing pools."
category = "main"
optional = false
python-versions = ">=3.6"

[package.extras]
docs = ["alabaster", "emcee"]
test = ["pytest", "pytest-cov", "pytest-astropy", "mpi4py", "joblib", "numpy", "dill"]

[[package]]
name = "scipy"
version = "1.8.1"
description = "SciPy: Scientific Library for Python"
category = "main"
optional = false
python-versions = ">=3.8,<3.11"

[package.dependencies]
numpy = ">=1.17.3,<1.25.0"

[[package]]
name = "setuptools-scm"
version = "7.0.5"
description = "the blessed package to manage your versions by scm tags"
category = "main"
optional = false
python-versions = ">=3.7"

[package.dependencies]
packaging = ">=20.0"
tomli = ">=1.0.0"
typing-extensions = "*"

[package.extras]
test = ["pytest (>=6.2)", "virtualenv (>20)"]
toml = ["setuptools (>=42)"]

[[package]]
name = "six"
version = "1.16.0"
description = "Python 2 and 3 compatibility utilities"
category = "main"
optional = false
python-versions = ">=2.7, !=3.0.*, !=3.1.*, !=3.2.*"

[[package]]
name = "spectral-cube"
version = "0.6.0"
description = "A package for interaction with spectral cubes"
category = "main"
optional = false
python-versions = "*"

[package.dependencies]
astropy = "*"
casa-formats-io = "*"
dask = {version = "*", extras = ["array"]}
joblib = "*"
numpy = ">=1.8.0"
radio-beam = ">=0.3.3"
six = "*"

[package.extras]
all = ["zarr", "fsspec", "distributed", "aplpy", "glue-core", "matplotlib", "pvextractor", "regions", "reproject", "scipy", "yt"]
docs = ["sphinx-astropy", "matplotlib"]
novis = ["zarr", "fsspec", "distributed", "pvextractor", "regions", "reproject", "scipy"]
test = ["pytest-astropy", "pytest-cov"]

[[package]]
name = "structlog"
version = "21.5.0"
description = "Structured Logging for Python"
category = "main"
optional = false
python-versions = ">=3.6"

[package.extras]
dev = ["pre-commit", "rich", "cogapp", "tomli", "coverage", "freezegun (>=0.2.8)", "pretend", "pytest-asyncio", "pytest (>=6.0)", "simplejson", "furo", "sphinx", "sphinx-notfound-page", "sphinxcontrib-mermaid", "twisted"]
docs = ["furo", "sphinx", "sphinx-notfound-page", "sphinxcontrib-mermaid", "twisted"]
tests = ["coverage", "freezegun (>=0.2.8)", "pretend", "pytest-asyncio", "pytest (>=6.0)", "simplejson"]

[[package]]
name = "toml"
version = "0.10.2"
description = "Python Library for Tom's Obvious, Minimal Language"
category = "dev"
optional = false
python-versions = ">=2.6, !=3.0.*, !=3.1.*, !=3.2.*"

[[package]]
name = "tomli"
version = "2.0.1"
description = "A lil' TOML parser"
category = "main"
optional = false
python-versions = ">=3.7"

[[package]]
name = "toolz"
version = "0.12.0"
description = "List processing tools and functional utilities"
category = "main"
optional = false
python-versions = ">=3.5"

[[package]]
name = "tqdm"
version = "4.64.0"
description = "Fast, Extensible Progress Meter"
category = "main"
optional = false
python-versions = "!=3.0.*,!=3.1.*,!=3.2.*,!=3.3.*,>=2.7"

[package.dependencies]
colorama = {version = "*", markers = "platform_system == \"Windows\""}

[package.extras]
dev = ["py-make (>=0.1.0)", "twine", "wheel"]
notebook = ["ipywidgets (>=6)"]
slack = ["slack-sdk"]
telegram = ["requests"]

[[package]]
name = "traitlets"
version = "5.3.0"
description = ""
category = "dev"
optional = false
python-versions = ">=3.7"

[package.extras]
test = ["pre-commit", "pytest"]

[[package]]
name = "typer"
version = "0.4.2"
description = "Typer, build great CLIs. Easy to code. Based on Python type hints."
category = "main"
optional = false
python-versions = ">=3.6"

[package.dependencies]
click = ">=7.1.1,<9.0.0"

[package.extras]
all = ["colorama (>=0.4.3,<0.5.0)", "shellingham (>=1.3.0,<2.0.0)"]
dev = ["autoflake (>=1.3.1,<2.0.0)", "flake8 (>=3.8.3,<4.0.0)", "pre-commit (>=2.17.0,<3.0.0)"]
doc = ["mkdocs (>=1.1.2,<2.0.0)", "mkdocs-material (>=8.1.4,<9.0.0)", "mdx-include (>=1.4.1,<2.0.0)"]
test = ["shellingham (>=1.3.0,<2.0.0)", "pytest (>=4.4.0,<5.4.0)", "pytest-cov (>=2.10.0,<3.0.0)", "coverage (>=5.2,<6.0)", "pytest-xdist (>=1.32.0,<2.0.0)", "pytest-sugar (>=0.9.4,<0.10.0)", "mypy (==0.910)", "black (>=22.3.0,<23.0.0)", "isort (>=5.0.6,<6.0.0)"]

[[package]]
name = "typing-extensions"
version = "4.3.0"
description = "Backported and Experimental Type Hints for Python 3.7+"
category = "main"
optional = false
python-versions = ">=3.7"

[[package]]
name = "wcwidth"
version = "0.2.5"
description = "Measures the displayed width of unicode strings in a terminal"
category = "dev"
optional = false
python-versions = "*"

[[package]]
name = "win32-setctime"
version = "1.1.0"
description = "A small Python utility to set file creation time on Windows"
category = "main"
optional = false
python-versions = ">=3.5"

[package.extras]
dev = ["pytest (>=4.6.2)", "black (>=19.3b0)"]

[extras]
mpi = ["mpi4py"]

[metadata]
lock-version = "1.1"
python-versions = "3.9.x"
content-hash = "5a8f02f55d314a089d6fb0e7511fbd7b6c46bd370d086b82c0601663e28e06bd"

[metadata.files]
appnope = []
astropy = []
backcall = []
black = []
casa-formats-io = []
cdshealpix = []
click = []
cloudpickle = []
colorama = []
cycler = []
dask = []
debugpy = []
decorator = []
flake8 = []
fonttools = []
fsspec = []
ipython = []
jedi = []
joblib = []
kiwisolver = []
lark-parser = []
locket = []
loguru = []
matplotlib = []
matplotlib-inline = []
mccabe = []
mocpy = []
mpi4py = []
mypy = []
mypy-extensions = []
networkx = []
numpy = []
packaging = []
pandas = []
parso = []
partd = []
pathspec = []
pexpect = []
pickleshare = []
pillow = []
platformdirs = []
prompt-toolkit = []
psutil = []
ptyprocess = []
pycodestyle = []
pyerfa = []
pyflakes = []
pygments = []
pyparsing = []
python-dateutil = []
pytz = []
pyyaml = []
racs-tools = []
radio-beam = []
rope = []
schwimmbad = []
scipy = []
setuptools-scm = []
six = []
spectral-cube = []
structlog = []
toml = []
tomli = []
toolz = []
tqdm = []
traitlets = []
typer = []
typing-extensions = []
wcwidth = []
win32-setctime = []
